// !$*UTF8*$!
{
	archiveVersion = 1;
	classes = {
	};
	objectVersion = 46;
	objects = {

/* Begin PBXBuildFile section */
		230935941DBC4148004C362E /* main.m in Sources */ = {isa = PBXBuildFile; fileRef = 230935931DBC4148004C362E /* main.m */; };
		230935971DBC4148004C362E /* AppDelegate.m in Sources */ = {isa = PBXBuildFile; fileRef = 230935961DBC4148004C362E /* AppDelegate.m */; };
		230935A01DBC4148004C362E /* SMaLL.xcdatamodeld in Sources */ = {isa = PBXBuildFile; fileRef = 2309359E1DBC4148004C362E /* SMaLL.xcdatamodeld */; };
		230935A21DBC4148004C362E /* Assets.xcassets in Resources */ = {isa = PBXBuildFile; fileRef = 230935A11DBC4148004C362E /* Assets.xcassets */; };
		230935A51DBC4148004C362E /* LaunchScreen.storyboard in Resources */ = {isa = PBXBuildFile; fileRef = 230935A31DBC4148004C362E /* LaunchScreen.storyboard */; };
		230935B01DBC4148004C362E /* SMaLLTests.m in Sources */ = {isa = PBXBuildFile; fileRef = 230935AF1DBC4148004C362E /* SMaLLTests.m */; };
		230935BB1DBC4148004C362E /* SMaLLUITests.m in Sources */ = {isa = PBXBuildFile; fileRef = 230935BA1DBC4148004C362E /* SMaLLUITests.m */; };
		23473F611DC24B9400D42EA0 /* StartViewController.m in Sources */ = {isa = PBXBuildFile; fileRef = 23473F601DC24B9400D42EA0 /* StartViewController.m */; };
		23473F641DC27DB000D42EA0 /* TrialObject.m in Sources */ = {isa = PBXBuildFile; fileRef = 23473F631DC27DB000D42EA0 /* TrialObject.m */; };
		23473F6A1DC296E600D42EA0 /* FirstInstructionViewController.m in Sources */ = {isa = PBXBuildFile; fileRef = 23473F691DC296E600D42EA0 /* FirstInstructionViewController.m */; };
		23473F6D1DC296FA00D42EA0 /* PracticeViewController.m in Sources */ = {isa = PBXBuildFile; fileRef = 23473F6C1DC296FA00D42EA0 /* PracticeViewController.m */; };
		23473F731DC2974100D42EA0 /* TestViewController.m in Sources */ = {isa = PBXBuildFile; fileRef = 23473F721DC2974100D42EA0 /* TestViewController.m */; };
		23473F761DC2995700D42EA0 /* PracticeInstructionFirstViewController.m in Sources */ = {isa = PBXBuildFile; fileRef = 23473F751DC2995700D42EA0 /* PracticeInstructionFirstViewController.m */; };
		23473F791DC2997200D42EA0 /* PracticeInstructionSecondViewController.m in Sources */ = {isa = PBXBuildFile; fileRef = 23473F781DC2997200D42EA0 /* PracticeInstructionSecondViewController.m */; };
		23473F7C1DC2998E00D42EA0 /* TestInstructionFirstViewController.m in Sources */ = {isa = PBXBuildFile; fileRef = 23473F7B1DC2998E00D42EA0 /* TestInstructionFirstViewController.m */; };
		23473F7F1DC299A300D42EA0 /* TestInstructionSecondViewController.m in Sources */ = {isa = PBXBuildFile; fileRef = 23473F7E1DC299A300D42EA0 /* TestInstructionSecondViewController.m */; };
		23473F811DC29BE900D42EA0 /* libsqlite3.0.tbd in Frameworks */ = {isa = PBXBuildFile; fileRef = 23473F801DC29BE900D42EA0 /* libsqlite3.0.tbd */; };
		239A25F31F1707E100016807 /* ChildInstructionViewController.m in Sources */ = {isa = PBXBuildFile; fileRef = 239A25F21F1707E100016807 /* ChildInstructionViewController.m */; };
		239A25F61F170F7600016807 /* ChildPracticeInstructionViewController.m in Sources */ = {isa = PBXBuildFile; fileRef = 239A25F51F170F7600016807 /* ChildPracticeInstructionViewController.m */; };
		239A25F91F184D3B00016807 /* ChildTestFirstIntroViewController.m in Sources */ = {isa = PBXBuildFile; fileRef = 239A25F81F184D3B00016807 /* ChildTestFirstIntroViewController.m */; };
		239A25FC1F18535F00016807 /* ChildTestSecondIntroViewController.m in Sources */ = {isa = PBXBuildFile; fileRef = 239A25FB1F18535F00016807 /* ChildTestSecondIntroViewController.m */; };
		23AA4F0A1F13252E00CB0C63 /* Main.storyboard in Resources */ = {isa = PBXBuildFile; fileRef = 23AA4F091F13252E00CB0C63 /* Main.storyboard */; };
		23AA4F0B1F13252E00CB0C63 /* Main.storyboard in Resources */ = {isa = PBXBuildFile; fileRef = 23AA4F091F13252E00CB0C63 /* Main.storyboard */; };
		23AA4F0C1F13252E00CB0C63 /* Main.storyboard in Resources */ = {isa = PBXBuildFile; fileRef = 23AA4F091F13252E00CB0C63 /* Main.storyboard */; };
		23DF08081DDAAE3E0038CC33 /* S-item-1-Y.jpg in Resources */ = {isa = PBXBuildFile; fileRef = 23DF07901DDAAE3E0038CC33 /* S-item-1-Y.jpg */; };
		23DF08091DDAAE3E0038CC33 /* S-item-2-N.jpg in Resources */ = {isa = PBXBuildFile; fileRef = 23DF07911DDAAE3E0038CC33 /* S-item-2-N.jpg */; };
		23DF080A1DDAAE3E0038CC33 /* S-item-3-Y.jpg in Resources */ = {isa = PBXBuildFile; fileRef = 23DF07921DDAAE3E0038CC33 /* S-item-3-Y.jpg */; };
		23DF080B1DDAAE3E0038CC33 /* S-item-4-N.jpg in Resources */ = {isa = PBXBuildFile; fileRef = 23DF07931DDAAE3E0038CC33 /* S-item-4-N.jpg */; };
		23DF080C1DDAAE3E0038CC33 /* S-item-5-Y.jpg in Resources */ = {isa = PBXBuildFile; fileRef = 23DF07941DDAAE3E0038CC33 /* S-item-5-Y.jpg */; };
		23DF080D1DDAAE3E0038CC33 /* S-item-6-N.jpg in Resources */ = {isa = PBXBuildFile; fileRef = 23DF07951DDAAE3E0038CC33 /* S-item-6-N.jpg */; };
		23DF080E1DDAAE3E0038CC33 /* S-item-7-Y.jpg in Resources */ = {isa = PBXBuildFile; fileRef = 23DF07961DDAAE3E0038CC33 /* S-item-7-Y.jpg */; };
		23DF080F1DDAAE3E0038CC33 /* S-item-8-N.jpg in Resources */ = {isa = PBXBuildFile; fileRef = 23DF07971DDAAE3E0038CC33 /* S-item-8-N.jpg */; };
		23DF08101DDAAE3E0038CC33 /* S-item-9-Y.jpg in Resources */ = {isa = PBXBuildFile; fileRef = 23DF07981DDAAE3E0038CC33 /* S-item-9-Y.jpg */; };
		23DF08111DDAAE3E0038CC33 /* S-item-10-N.jpg in Resources */ = {isa = PBXBuildFile; fileRef = 23DF07991DDAAE3E0038CC33 /* S-item-10-N.jpg */; };
		23DF08121DDAAE3E0038CC33 /* S-item-11-Y.jpg in Resources */ = {isa = PBXBuildFile; fileRef = 23DF079A1DDAAE3E0038CC33 /* S-item-11-Y.jpg */; };
		23DF08131DDAAE3E0038CC33 /* S-item-12-N.jpg in Resources */ = {isa = PBXBuildFile; fileRef = 23DF079B1DDAAE3E0038CC33 /* S-item-12-N.jpg */; };
		23DF08141DDAAE3E0038CC33 /* S-item-13-Y.jpg in Resources */ = {isa = PBXBuildFile; fileRef = 23DF079C1DDAAE3E0038CC33 /* S-item-13-Y.jpg */; };
		23DF08151DDAAE3E0038CC33 /* S-item-14-N.jpg in Resources */ = {isa = PBXBuildFile; fileRef = 23DF079D1DDAAE3E0038CC33 /* S-item-14-N.jpg */; };
		23DF08161DDAAE3E0038CC33 /* S-item-15-Y.jpg in Resources */ = {isa = PBXBuildFile; fileRef = 23DF079E1DDAAE3E0038CC33 /* S-item-15-Y.jpg */; };
		23DF08171DDAAE3E0038CC33 /* S-item-16-N.jpg in Resources */ = {isa = PBXBuildFile; fileRef = 23DF079F1DDAAE3E0038CC33 /* S-item-16-N.jpg */; };
		23DF08181DDAAE3E0038CC33 /* S-item-17-Y.jpg in Resources */ = {isa = PBXBuildFile; fileRef = 23DF07A01DDAAE3E0038CC33 /* S-item-17-Y.jpg */; };
		23DF08191DDAAE3E0038CC33 /* S-item-18-N.jpg in Resources */ = {isa = PBXBuildFile; fileRef = 23DF07A11DDAAE3E0038CC33 /* S-item-18-N.jpg */; };
		23DF081A1DDAAE3E0038CC33 /* S-item-19-Y.jpg in Resources */ = {isa = PBXBuildFile; fileRef = 23DF07A21DDAAE3E0038CC33 /* S-item-19-Y.jpg */; };
		23DF081B1DDAAE3E0038CC33 /* S-item-20-N.jpg in Resources */ = {isa = PBXBuildFile; fileRef = 23DF07A31DDAAE3E0038CC33 /* S-item-20-N.jpg */; };
		23DF081C1DDAAE3E0038CC33 /* S-item-21-Y.jpg in Resources */ = {isa = PBXBuildFile; fileRef = 23DF07A41DDAAE3E0038CC33 /* S-item-21-Y.jpg */; };
		23DF081D1DDAAE3E0038CC33 /* S-item-22-N.jpg in Resources */ = {isa = PBXBuildFile; fileRef = 23DF07A51DDAAE3E0038CC33 /* S-item-22-N.jpg */; };
		23DF081E1DDAAE3E0038CC33 /* S-item-23-Y.jpg in Resources */ = {isa = PBXBuildFile; fileRef = 23DF07A61DDAAE3E0038CC33 /* S-item-23-Y.jpg */; };
		23DF081F1DDAAE3E0038CC33 /* S-item-24-N.jpg in Resources */ = {isa = PBXBuildFile; fileRef = 23DF07A71DDAAE3E0038CC33 /* S-item-24-N.jpg */; };
		23DF08201DDAAE3E0038CC33 /* S-item-25-Y.jpg in Resources */ = {isa = PBXBuildFile; fileRef = 23DF07A81DDAAE3E0038CC33 /* S-item-25-Y.jpg */; };
		23DF08211DDAAE3E0038CC33 /* S-item-26-N.jpg in Resources */ = {isa = PBXBuildFile; fileRef = 23DF07A91DDAAE3E0038CC33 /* S-item-26-N.jpg */; };
		23DF08221DDAAE3E0038CC33 /* S-item-27-Y.jpg in Resources */ = {isa = PBXBuildFile; fileRef = 23DF07AA1DDAAE3E0038CC33 /* S-item-27-Y.jpg */; };
		23DF08231DDAAE3E0038CC33 /* S-item-28-N.jpg in Resources */ = {isa = PBXBuildFile; fileRef = 23DF07AB1DDAAE3E0038CC33 /* S-item-28-N.jpg */; };
		23DF08241DDAAE3E0038CC33 /* S-item-29-Y.jpg in Resources */ = {isa = PBXBuildFile; fileRef = 23DF07AC1DDAAE3E0038CC33 /* S-item-29-Y.jpg */; };
		23DF08251DDAAE3E0038CC33 /* S-item-30-N.jpg in Resources */ = {isa = PBXBuildFile; fileRef = 23DF07AD1DDAAE3E0038CC33 /* S-item-30-N.jpg */; };
		23DF08261DDAAE3E0038CC33 /* S-item-31-Y.jpg in Resources */ = {isa = PBXBuildFile; fileRef = 23DF07AE1DDAAE3E0038CC33 /* S-item-31-Y.jpg */; };
		23DF08271DDAAE3E0038CC33 /* S-item-32-N.jpg in Resources */ = {isa = PBXBuildFile; fileRef = 23DF07AF1DDAAE3E0038CC33 /* S-item-32-N.jpg */; };
		23DF08281DDAAE3E0038CC33 /* S-item-33-Y.jpg in Resources */ = {isa = PBXBuildFile; fileRef = 23DF07B01DDAAE3E0038CC33 /* S-item-33-Y.jpg */; };
		23DF08291DDAAE3E0038CC33 /* S-item-34-N.jpg in Resources */ = {isa = PBXBuildFile; fileRef = 23DF07B11DDAAE3E0038CC33 /* S-item-34-N.jpg */; };
		23DF082A1DDAAE3E0038CC33 /* S-item-35-Y.jpg in Resources */ = {isa = PBXBuildFile; fileRef = 23DF07B21DDAAE3E0038CC33 /* S-item-35-Y.jpg */; };
		23DF082B1DDAAE3E0038CC33 /* S-item-36-N.jpg in Resources */ = {isa = PBXBuildFile; fileRef = 23DF07B31DDAAE3E0038CC33 /* S-item-36-N.jpg */; };
		23DF082C1DDAAE3E0038CC33 /* S-item-37-Y.jpg in Resources */ = {isa = PBXBuildFile; fileRef = 23DF07B41DDAAE3E0038CC33 /* S-item-37-Y.jpg */; };
		23DF082D1DDAAE3E0038CC33 /* S-item-38-N.jpg in Resources */ = {isa = PBXBuildFile; fileRef = 23DF07B51DDAAE3E0038CC33 /* S-item-38-N.jpg */; };
		23DF082E1DDAAE3E0038CC33 /* S-item-39-Y.jpg in Resources */ = {isa = PBXBuildFile; fileRef = 23DF07B61DDAAE3E0038CC33 /* S-item-39-Y.jpg */; };
		23DF082F1DDAAE3E0038CC33 /* S-item-40-N.jpg in Resources */ = {isa = PBXBuildFile; fileRef = 23DF07B71DDAAE3E0038CC33 /* S-item-40-N.jpg */; };
		23DF08301DDAAE3E0038CC33 /* S-item-41-Y.jpg in Resources */ = {isa = PBXBuildFile; fileRef = 23DF07B81DDAAE3E0038CC33 /* S-item-41-Y.jpg */; };
		23DF08311DDAAE3E0038CC33 /* S-item-42-N.jpg in Resources */ = {isa = PBXBuildFile; fileRef = 23DF07B91DDAAE3E0038CC33 /* S-item-42-N.jpg */; };
		23DF08321DDAAE3E0038CC33 /* S-item-43-Y.jpg in Resources */ = {isa = PBXBuildFile; fileRef = 23DF07BA1DDAAE3E0038CC33 /* S-item-43-Y.jpg */; };
		23DF08331DDAAE3E0038CC33 /* S-item-44-N.jpg in Resources */ = {isa = PBXBuildFile; fileRef = 23DF07BB1DDAAE3E0038CC33 /* S-item-44-N.jpg */; };
		23DF08341DDAAE3E0038CC33 /* S-item-45-Y.jpg in Resources */ = {isa = PBXBuildFile; fileRef = 23DF07BC1DDAAE3E0038CC33 /* S-item-45-Y.jpg */; };
		23DF08351DDAAE3E0038CC33 /* S-item-46-N.jpg in Resources */ = {isa = PBXBuildFile; fileRef = 23DF07BD1DDAAE3E0038CC33 /* S-item-46-N.jpg */; };
		23DF08361DDAAE3E0038CC33 /* S-item-47-Y.jpg in Resources */ = {isa = PBXBuildFile; fileRef = 23DF07BE1DDAAE3E0038CC33 /* S-item-47-Y.jpg */; };
		23DF08371DDAAE3E0038CC33 /* S-item-48-N.jpg in Resources */ = {isa = PBXBuildFile; fileRef = 23DF07BF1DDAAE3E0038CC33 /* S-item-48-N.jpg */; };
		23DF08381DDAAE3E0038CC33 /* S-item-49-Y.jpg in Resources */ = {isa = PBXBuildFile; fileRef = 23DF07C01DDAAE3E0038CC33 /* S-item-49-Y.jpg */; };
		23DF08391DDAAE3E0038CC33 /* S-item-50-N.jpg in Resources */ = {isa = PBXBuildFile; fileRef = 23DF07C11DDAAE3E0038CC33 /* S-item-50-N.jpg */; };
		23DF083A1DDAAE3E0038CC33 /* S-item-51-Y.jpg in Resources */ = {isa = PBXBuildFile; fileRef = 23DF07C21DDAAE3E0038CC33 /* S-item-51-Y.jpg */; };
		23DF083B1DDAAE3E0038CC33 /* S-item-52-N.jpg in Resources */ = {isa = PBXBuildFile; fileRef = 23DF07C31DDAAE3E0038CC33 /* S-item-52-N.jpg */; };
		23DF083C1DDAAE3E0038CC33 /* S-item-53-Y.jpg in Resources */ = {isa = PBXBuildFile; fileRef = 23DF07C41DDAAE3E0038CC33 /* S-item-53-Y.jpg */; };
		23DF083D1DDAAE3E0038CC33 /* S-item-54-N.jpg in Resources */ = {isa = PBXBuildFile; fileRef = 23DF07C51DDAAE3E0038CC33 /* S-item-54-N.jpg */; };
		23DF083E1DDAAE3E0038CC33 /* S-item-55-Y.jpg in Resources */ = {isa = PBXBuildFile; fileRef = 23DF07C61DDAAE3E0038CC33 /* S-item-55-Y.jpg */; };
		23DF083F1DDAAE3E0038CC33 /* S-item-56-N.jpg in Resources */ = {isa = PBXBuildFile; fileRef = 23DF07C71DDAAE3E0038CC33 /* S-item-56-N.jpg */; };
		23DF08401DDAAE3E0038CC33 /* S-item-57-Y.jpg in Resources */ = {isa = PBXBuildFile; fileRef = 23DF07C81DDAAE3E0038CC33 /* S-item-57-Y.jpg */; };
		23DF08411DDAAE3E0038CC33 /* S-item-58-N.jpg in Resources */ = {isa = PBXBuildFile; fileRef = 23DF07C91DDAAE3E0038CC33 /* S-item-58-N.jpg */; };
		23DF08421DDAAE3E0038CC33 /* S-item-59-Y.jpg in Resources */ = {isa = PBXBuildFile; fileRef = 23DF07CA1DDAAE3E0038CC33 /* S-item-59-Y.jpg */; };
		23DF08431DDAAE3E0038CC33 /* S-item-60-N.jpg in Resources */ = {isa = PBXBuildFile; fileRef = 23DF07CB1DDAAE3E0038CC33 /* S-item-60-N.jpg */; };
/* End PBXBuildFile section */

/* Begin PBXContainerItemProxy section */
		230935AC1DBC4148004C362E /* PBXContainerItemProxy */ = {
			isa = PBXContainerItemProxy;
			containerPortal = 230935871DBC4148004C362E /* Project object */;
			proxyType = 1;
			remoteGlobalIDString = 2309358E1DBC4148004C362E;
			remoteInfo = SMaLL;
		};
		230935B71DBC4148004C362E /* PBXContainerItemProxy */ = {
			isa = PBXContainerItemProxy;
			containerPortal = 230935871DBC4148004C362E /* Project object */;
			proxyType = 1;
			remoteGlobalIDString = 2309358E1DBC4148004C362E;
			remoteInfo = SMaLL;
		};
/* End PBXContainerItemProxy section */

/* Begin PBXFileReference section */
		2309358F1DBC4148004C362E /* SMaLL.app */ = {isa = PBXFileReference; explicitFileType = wrapper.application; includeInIndex = 0; path = SMaLL.app; sourceTree = BUILT_PRODUCTS_DIR; };
		230935931DBC4148004C362E /* main.m */ = {isa = PBXFileReference; lastKnownFileType = sourcecode.c.objc; path = main.m; sourceTree = "<group>"; };
		230935951DBC4148004C362E /* AppDelegate.h */ = {isa = PBXFileReference; lastKnownFileType = sourcecode.c.h; path = AppDelegate.h; sourceTree = "<group>"; };
		230935961DBC4148004C362E /* AppDelegate.m */ = {isa = PBXFileReference; lastKnownFileType = sourcecode.c.objc; path = AppDelegate.m; sourceTree = "<group>"; };
		2309359F1DBC4148004C362E /* SMaLL.xcdatamodel */ = {isa = PBXFileReference; lastKnownFileType = wrapper.xcdatamodel; path = SMaLL.xcdatamodel; sourceTree = "<group>"; };
		230935A11DBC4148004C362E /* Assets.xcassets */ = {isa = PBXFileReference; lastKnownFileType = folder.assetcatalog; path = Assets.xcassets; sourceTree = "<group>"; };
		230935A41DBC4148004C362E /* Base */ = {isa = PBXFileReference; lastKnownFileType = file.storyboard; name = Base; path = Base.lproj/LaunchScreen.storyboard; sourceTree = "<group>"; };
		230935A61DBC4148004C362E /* Info.plist */ = {isa = PBXFileReference; lastKnownFileType = text.plist.xml; path = Info.plist; sourceTree = "<group>"; };
		230935AB1DBC4148004C362E /* SMaLLTests.xctest */ = {isa = PBXFileReference; explicitFileType = wrapper.cfbundle; includeInIndex = 0; path = SMaLLTests.xctest; sourceTree = BUILT_PRODUCTS_DIR; };
		230935AF1DBC4148004C362E /* SMaLLTests.m */ = {isa = PBXFileReference; lastKnownFileType = sourcecode.c.objc; path = SMaLLTests.m; sourceTree = "<group>"; };
		230935B11DBC4148004C362E /* Info.plist */ = {isa = PBXFileReference; lastKnownFileType = text.plist.xml; path = Info.plist; sourceTree = "<group>"; };
		230935B61DBC4148004C362E /* SMaLLUITests.xctest */ = {isa = PBXFileReference; explicitFileType = wrapper.cfbundle; includeInIndex = 0; path = SMaLLUITests.xctest; sourceTree = BUILT_PRODUCTS_DIR; };
		230935BA1DBC4148004C362E /* SMaLLUITests.m */ = {isa = PBXFileReference; lastKnownFileType = sourcecode.c.objc; path = SMaLLUITests.m; sourceTree = "<group>"; };
		230935BC1DBC4148004C362E /* Info.plist */ = {isa = PBXFileReference; lastKnownFileType = text.plist.xml; path = Info.plist; sourceTree = "<group>"; };
		23473F5F1DC24B9400D42EA0 /* StartViewController.h */ = {isa = PBXFileReference; fileEncoding = 4; lastKnownFileType = sourcecode.c.h; name = StartViewController.h; path = ../StartViewController.h; sourceTree = "<group>"; };
		23473F601DC24B9400D42EA0 /* StartViewController.m */ = {isa = PBXFileReference; fileEncoding = 4; lastKnownFileType = sourcecode.c.objc; name = StartViewController.m; path = ../StartViewController.m; sourceTree = "<group>"; };
		23473F621DC27DB000D42EA0 /* TrialObject.h */ = {isa = PBXFileReference; fileEncoding = 4; lastKnownFileType = sourcecode.c.h; name = TrialObject.h; path = ../TrialObject.h; sourceTree = "<group>"; };
		23473F631DC27DB000D42EA0 /* TrialObject.m */ = {isa = PBXFileReference; fileEncoding = 4; lastKnownFileType = sourcecode.c.objc; name = TrialObject.m; path = ../TrialObject.m; sourceTree = "<group>"; };
		23473F681DC296E600D42EA0 /* FirstInstructionViewController.h */ = {isa = PBXFileReference; fileEncoding = 4; lastKnownFileType = sourcecode.c.h; name = FirstInstructionViewController.h; path = ../FirstInstructionViewController.h; sourceTree = "<group>"; };
		23473F691DC296E600D42EA0 /* FirstInstructionViewController.m */ = {isa = PBXFileReference; fileEncoding = 4; lastKnownFileType = sourcecode.c.objc; name = FirstInstructionViewController.m; path = ../FirstInstructionViewController.m; sourceTree = "<group>"; };
		23473F6B1DC296F900D42EA0 /* PracticeViewController.h */ = {isa = PBXFileReference; fileEncoding = 4; lastKnownFileType = sourcecode.c.h; name = PracticeViewController.h; path = ../PracticeViewController.h; sourceTree = "<group>"; };
		23473F6C1DC296FA00D42EA0 /* PracticeViewController.m */ = {isa = PBXFileReference; fileEncoding = 4; lastKnownFileType = sourcecode.c.objc; name = PracticeViewController.m; path = ../PracticeViewController.m; sourceTree = "<group>"; };
		23473F711DC2974100D42EA0 /* TestViewController.h */ = {isa = PBXFileReference; fileEncoding = 4; lastKnownFileType = sourcecode.c.h; name = TestViewController.h; path = ../TestViewController.h; sourceTree = "<group>"; };
		23473F721DC2974100D42EA0 /* TestViewController.m */ = {isa = PBXFileReference; fileEncoding = 4; lastKnownFileType = sourcecode.c.objc; name = TestViewController.m; path = ../TestViewController.m; sourceTree = "<group>"; };
		23473F741DC2995700D42EA0 /* PracticeInstructionFirstViewController.h */ = {isa = PBXFileReference; fileEncoding = 4; lastKnownFileType = sourcecode.c.h; name = PracticeInstructionFirstViewController.h; path = ../PracticeInstructionFirstViewController.h; sourceTree = "<group>"; };
		23473F751DC2995700D42EA0 /* PracticeInstructionFirstViewController.m */ = {isa = PBXFileReference; fileEncoding = 4; lastKnownFileType = sourcecode.c.objc; name = PracticeInstructionFirstViewController.m; path = ../PracticeInstructionFirstViewController.m; sourceTree = "<group>"; };
		23473F771DC2997200D42EA0 /* PracticeInstructionSecondViewController.h */ = {isa = PBXFileReference; fileEncoding = 4; lastKnownFileType = sourcecode.c.h; name = PracticeInstructionSecondViewController.h; path = ../PracticeInstructionSecondViewController.h; sourceTree = "<group>"; };
		23473F781DC2997200D42EA0 /* PracticeInstructionSecondViewController.m */ = {isa = PBXFileReference; fileEncoding = 4; lastKnownFileType = sourcecode.c.objc; name = PracticeInstructionSecondViewController.m; path = ../PracticeInstructionSecondViewController.m; sourceTree = "<group>"; };
		23473F7A1DC2998E00D42EA0 /* TestInstructionFirstViewController.h */ = {isa = PBXFileReference; fileEncoding = 4; lastKnownFileType = sourcecode.c.h; name = TestInstructionFirstViewController.h; path = ../TestInstructionFirstViewController.h; sourceTree = "<group>"; };
		23473F7B1DC2998E00D42EA0 /* TestInstructionFirstViewController.m */ = {isa = PBXFileReference; fileEncoding = 4; lastKnownFileType = sourcecode.c.objc; name = TestInstructionFirstViewController.m; path = ../TestInstructionFirstViewController.m; sourceTree = "<group>"; };
		23473F7D1DC299A300D42EA0 /* TestInstructionSecondViewController.h */ = {isa = PBXFileReference; fileEncoding = 4; lastKnownFileType = sourcecode.c.h; name = TestInstructionSecondViewController.h; path = ../TestInstructionSecondViewController.h; sourceTree = "<group>"; };
		23473F7E1DC299A300D42EA0 /* TestInstructionSecondViewController.m */ = {isa = PBXFileReference; fileEncoding = 4; lastKnownFileType = sourcecode.c.objc; name = TestInstructionSecondViewController.m; path = ../TestInstructionSecondViewController.m; sourceTree = "<group>"; };
		23473F801DC29BE900D42EA0 /* libsqlite3.0.tbd */ = {isa = PBXFileReference; lastKnownFileType = "sourcecode.text-based-dylib-definition"; name = libsqlite3.0.tbd; path = usr/lib/libsqlite3.0.tbd; sourceTree = SDKROOT; };
		239A25F11F1707E100016807 /* ChildInstructionViewController.h */ = {isa = PBXFileReference; fileEncoding = 4; lastKnownFileType = sourcecode.c.h; name = ChildInstructionViewController.h; path = ../ChildInstructionViewController.h; sourceTree = "<group>"; };
		239A25F21F1707E100016807 /* ChildInstructionViewController.m */ = {isa = PBXFileReference; fileEncoding = 4; lastKnownFileType = sourcecode.c.objc; name = ChildInstructionViewController.m; path = ../ChildInstructionViewController.m; sourceTree = "<group>"; };
		239A25F41F170F7600016807 /* ChildPracticeInstructionViewController.h */ = {isa = PBXFileReference; fileEncoding = 4; lastKnownFileType = sourcecode.c.h; name = ChildPracticeInstructionViewController.h; path = ../ChildPracticeInstructionViewController.h; sourceTree = "<group>"; };
		239A25F51F170F7600016807 /* ChildPracticeInstructionViewController.m */ = {isa = PBXFileReference; fileEncoding = 4; lastKnownFileType = sourcecode.c.objc; name = ChildPracticeInstructionViewController.m; path = ../ChildPracticeInstructionViewController.m; sourceTree = "<group>"; };
		239A25F71F184D3B00016807 /* ChildTestFirstIntroViewController.h */ = {isa = PBXFileReference; fileEncoding = 4; lastKnownFileType = sourcecode.c.h; path = ChildTestFirstIntroViewController.h; sourceTree = "<group>"; };
		239A25F81F184D3B00016807 /* ChildTestFirstIntroViewController.m */ = {isa = PBXFileReference; fileEncoding = 4; lastKnownFileType = sourcecode.c.objc; path = ChildTestFirstIntroViewController.m; sourceTree = "<group>"; };
		239A25FA1F18535F00016807 /* ChildTestSecondIntroViewController.h */ = {isa = PBXFileReference; fileEncoding = 4; lastKnownFileType = sourcecode.c.h; path = ChildTestSecondIntroViewController.h; sourceTree = "<group>"; };
		239A25FB1F18535F00016807 /* ChildTestSecondIntroViewController.m */ = {isa = PBXFileReference; fileEncoding = 4; lastKnownFileType = sourcecode.c.objc; path = ChildTestSecondIntroViewController.m; sourceTree = "<group>"; };
		23AA4F091F13252E00CB0C63 /* Main.storyboard */ = {isa = PBXFileReference; fileEncoding = 4; lastKnownFileType = file.storyboard; path = Main.storyboard; sourceTree = "<group>"; };
		23DF07901DDAAE3E0038CC33 /* S-item-1-Y.jpg */ = {isa = PBXFileReference; lastKnownFileType = image.jpeg; path = "S-item-1-Y.jpg"; sourceTree = "<group>"; };
		23DF07911DDAAE3E0038CC33 /* S-item-2-N.jpg */ = {isa = PBXFileReference; lastKnownFileType = image.jpeg; path = "S-item-2-N.jpg"; sourceTree = "<group>"; };
		23DF07921DDAAE3E0038CC33 /* S-item-3-Y.jpg */ = {isa = PBXFileReference; lastKnownFileType = image.jpeg; path = "S-item-3-Y.jpg"; sourceTree = "<group>"; };
		23DF07931DDAAE3E0038CC33 /* S-item-4-N.jpg */ = {isa = PBXFileReference; lastKnownFileType = image.jpeg; path = "S-item-4-N.jpg"; sourceTree = "<group>"; };
		23DF07941DDAAE3E0038CC33 /* S-item-5-Y.jpg */ = {isa = PBXFileReference; lastKnownFileType = image.jpeg; path = "S-item-5-Y.jpg"; sourceTree = "<group>"; };
		23DF07951DDAAE3E0038CC33 /* S-item-6-N.jpg */ = {isa = PBXFileReference; lastKnownFileType = image.jpeg; path = "S-item-6-N.jpg"; sourceTree = "<group>"; };
		23DF07961DDAAE3E0038CC33 /* S-item-7-Y.jpg */ = {isa = PBXFileReference; lastKnownFileType = image.jpeg; path = "S-item-7-Y.jpg"; sourceTree = "<group>"; };
		23DF07971DDAAE3E0038CC33 /* S-item-8-N.jpg */ = {isa = PBXFileReference; lastKnownFileType = image.jpeg; path = "S-item-8-N.jpg"; sourceTree = "<group>"; };
		23DF07981DDAAE3E0038CC33 /* S-item-9-Y.jpg */ = {isa = PBXFileReference; lastKnownFileType = image.jpeg; path = "S-item-9-Y.jpg"; sourceTree = "<group>"; };
		23DF07991DDAAE3E0038CC33 /* S-item-10-N.jpg */ = {isa = PBXFileReference; lastKnownFileType = image.jpeg; path = "S-item-10-N.jpg"; sourceTree = "<group>"; };
		23DF079A1DDAAE3E0038CC33 /* S-item-11-Y.jpg */ = {isa = PBXFileReference; lastKnownFileType = image.jpeg; path = "S-item-11-Y.jpg"; sourceTree = "<group>"; };
		23DF079B1DDAAE3E0038CC33 /* S-item-12-N.jpg */ = {isa = PBXFileReference; lastKnownFileType = image.jpeg; path = "S-item-12-N.jpg"; sourceTree = "<group>"; };
		23DF079C1DDAAE3E0038CC33 /* S-item-13-Y.jpg */ = {isa = PBXFileReference; lastKnownFileType = image.jpeg; path = "S-item-13-Y.jpg"; sourceTree = "<group>"; };
		23DF079D1DDAAE3E0038CC33 /* S-item-14-N.jpg */ = {isa = PBXFileReference; lastKnownFileType = image.jpeg; path = "S-item-14-N.jpg"; sourceTree = "<group>"; };
		23DF079E1DDAAE3E0038CC33 /* S-item-15-Y.jpg */ = {isa = PBXFileReference; lastKnownFileType = image.jpeg; path = "S-item-15-Y.jpg"; sourceTree = "<group>"; };
		23DF079F1DDAAE3E0038CC33 /* S-item-16-N.jpg */ = {isa = PBXFileReference; lastKnownFileType = image.jpeg; path = "S-item-16-N.jpg"; sourceTree = "<group>"; };
		23DF07A01DDAAE3E0038CC33 /* S-item-17-Y.jpg */ = {isa = PBXFileReference; lastKnownFileType = image.jpeg; path = "S-item-17-Y.jpg"; sourceTree = "<group>"; };
		23DF07A11DDAAE3E0038CC33 /* S-item-18-N.jpg */ = {isa = PBXFileReference; lastKnownFileType = image.jpeg; path = "S-item-18-N.jpg"; sourceTree = "<group>"; };
		23DF07A21DDAAE3E0038CC33 /* S-item-19-Y.jpg */ = {isa = PBXFileReference; lastKnownFileType = image.jpeg; path = "S-item-19-Y.jpg"; sourceTree = "<group>"; };
		23DF07A31DDAAE3E0038CC33 /* S-item-20-N.jpg */ = {isa = PBXFileReference; lastKnownFileType = image.jpeg; path = "S-item-20-N.jpg"; sourceTree = "<group>"; };
		23DF07A41DDAAE3E0038CC33 /* S-item-21-Y.jpg */ = {isa = PBXFileReference; lastKnownFileType = image.jpeg; path = "S-item-21-Y.jpg"; sourceTree = "<group>"; };
		23DF07A51DDAAE3E0038CC33 /* S-item-22-N.jpg */ = {isa = PBXFileReference; lastKnownFileType = image.jpeg; path = "S-item-22-N.jpg"; sourceTree = "<group>"; };
		23DF07A61DDAAE3E0038CC33 /* S-item-23-Y.jpg */ = {isa = PBXFileReference; lastKnownFileType = image.jpeg; path = "S-item-23-Y.jpg"; sourceTree = "<group>"; };
		23DF07A71DDAAE3E0038CC33 /* S-item-24-N.jpg */ = {isa = PBXFileReference; lastKnownFileType = image.jpeg; path = "S-item-24-N.jpg"; sourceTree = "<group>"; };
		23DF07A81DDAAE3E0038CC33 /* S-item-25-Y.jpg */ = {isa = PBXFileReference; lastKnownFileType = image.jpeg; path = "S-item-25-Y.jpg"; sourceTree = "<group>"; };
		23DF07A91DDAAE3E0038CC33 /* S-item-26-N.jpg */ = {isa = PBXFileReference; lastKnownFileType = image.jpeg; path = "S-item-26-N.jpg"; sourceTree = "<group>"; };
		23DF07AA1DDAAE3E0038CC33 /* S-item-27-Y.jpg */ = {isa = PBXFileReference; lastKnownFileType = image.jpeg; path = "S-item-27-Y.jpg"; sourceTree = "<group>"; };
		23DF07AB1DDAAE3E0038CC33 /* S-item-28-N.jpg */ = {isa = PBXFileReference; lastKnownFileType = image.jpeg; path = "S-item-28-N.jpg"; sourceTree = "<group>"; };
		23DF07AC1DDAAE3E0038CC33 /* S-item-29-Y.jpg */ = {isa = PBXFileReference; lastKnownFileType = image.jpeg; path = "S-item-29-Y.jpg"; sourceTree = "<group>"; };
		23DF07AD1DDAAE3E0038CC33 /* S-item-30-N.jpg */ = {isa = PBXFileReference; lastKnownFileType = image.jpeg; path = "S-item-30-N.jpg"; sourceTree = "<group>"; };
		23DF07AE1DDAAE3E0038CC33 /* S-item-31-Y.jpg */ = {isa = PBXFileReference; lastKnownFileType = image.jpeg; path = "S-item-31-Y.jpg"; sourceTree = "<group>"; };
		23DF07AF1DDAAE3E0038CC33 /* S-item-32-N.jpg */ = {isa = PBXFileReference; lastKnownFileType = image.jpeg; path = "S-item-32-N.jpg"; sourceTree = "<group>"; };
		23DF07B01DDAAE3E0038CC33 /* S-item-33-Y.jpg */ = {isa = PBXFileReference; lastKnownFileType = image.jpeg; path = "S-item-33-Y.jpg"; sourceTree = "<group>"; };
		23DF07B11DDAAE3E0038CC33 /* S-item-34-N.jpg */ = {isa = PBXFileReference; lastKnownFileType = image.jpeg; path = "S-item-34-N.jpg"; sourceTree = "<group>"; };
		23DF07B21DDAAE3E0038CC33 /* S-item-35-Y.jpg */ = {isa = PBXFileReference; lastKnownFileType = image.jpeg; path = "S-item-35-Y.jpg"; sourceTree = "<group>"; };
		23DF07B31DDAAE3E0038CC33 /* S-item-36-N.jpg */ = {isa = PBXFileReference; lastKnownFileType = image.jpeg; path = "S-item-36-N.jpg"; sourceTree = "<group>"; };
		23DF07B41DDAAE3E0038CC33 /* S-item-37-Y.jpg */ = {isa = PBXFileReference; lastKnownFileType = image.jpeg; path = "S-item-37-Y.jpg"; sourceTree = "<group>"; };
		23DF07B51DDAAE3E0038CC33 /* S-item-38-N.jpg */ = {isa = PBXFileReference; lastKnownFileType = image.jpeg; path = "S-item-38-N.jpg"; sourceTree = "<group>"; };
		23DF07B61DDAAE3E0038CC33 /* S-item-39-Y.jpg */ = {isa = PBXFileReference; lastKnownFileType = image.jpeg; path = "S-item-39-Y.jpg"; sourceTree = "<group>"; };
		23DF07B71DDAAE3E0038CC33 /* S-item-40-N.jpg */ = {isa = PBXFileReference; lastKnownFileType = image.jpeg; path = "S-item-40-N.jpg"; sourceTree = "<group>"; };
		23DF07B81DDAAE3E0038CC33 /* S-item-41-Y.jpg */ = {isa = PBXFileReference; lastKnownFileType = image.jpeg; path = "S-item-41-Y.jpg"; sourceTree = "<group>"; };
		23DF07B91DDAAE3E0038CC33 /* S-item-42-N.jpg */ = {isa = PBXFileReference; lastKnownFileType = image.jpeg; path = "S-item-42-N.jpg"; sourceTree = "<group>"; };
		23DF07BA1DDAAE3E0038CC33 /* S-item-43-Y.jpg */ = {isa = PBXFileReference; lastKnownFileType = image.jpeg; path = "S-item-43-Y.jpg"; sourceTree = "<group>"; };
		23DF07BB1DDAAE3E0038CC33 /* S-item-44-N.jpg */ = {isa = PBXFileReference; lastKnownFileType = image.jpeg; path = "S-item-44-N.jpg"; sourceTree = "<group>"; };
		23DF07BC1DDAAE3E0038CC33 /* S-item-45-Y.jpg */ = {isa = PBXFileReference; lastKnownFileType = image.jpeg; path = "S-item-45-Y.jpg"; sourceTree = "<group>"; };
		23DF07BD1DDAAE3E0038CC33 /* S-item-46-N.jpg */ = {isa = PBXFileReference; lastKnownFileType = image.jpeg; path = "S-item-46-N.jpg"; sourceTree = "<group>"; };
		23DF07BE1DDAAE3E0038CC33 /* S-item-47-Y.jpg */ = {isa = PBXFileReference; lastKnownFileType = image.jpeg; path = "S-item-47-Y.jpg"; sourceTree = "<group>"; };
		23DF07BF1DDAAE3E0038CC33 /* S-item-48-N.jpg */ = {isa = PBXFileReference; lastKnownFileType = image.jpeg; path = "S-item-48-N.jpg"; sourceTree = "<group>"; };
		23DF07C01DDAAE3E0038CC33 /* S-item-49-Y.jpg */ = {isa = PBXFileReference; lastKnownFileType = image.jpeg; path = "S-item-49-Y.jpg"; sourceTree = "<group>"; };
		23DF07C11DDAAE3E0038CC33 /* S-item-50-N.jpg */ = {isa = PBXFileReference; lastKnownFileType = image.jpeg; path = "S-item-50-N.jpg"; sourceTree = "<group>"; };
		23DF07C21DDAAE3E0038CC33 /* S-item-51-Y.jpg */ = {isa = PBXFileReference; lastKnownFileType = image.jpeg; path = "S-item-51-Y.jpg"; sourceTree = "<group>"; };
		23DF07C31DDAAE3E0038CC33 /* S-item-52-N.jpg */ = {isa = PBXFileReference; lastKnownFileType = image.jpeg; path = "S-item-52-N.jpg"; sourceTree = "<group>"; };
		23DF07C41DDAAE3E0038CC33 /* S-item-53-Y.jpg */ = {isa = PBXFileReference; lastKnownFileType = image.jpeg; path = "S-item-53-Y.jpg"; sourceTree = "<group>"; };
		23DF07C51DDAAE3E0038CC33 /* S-item-54-N.jpg */ = {isa = PBXFileReference; lastKnownFileType = image.jpeg; path = "S-item-54-N.jpg"; sourceTree = "<group>"; };
		23DF07C61DDAAE3E0038CC33 /* S-item-55-Y.jpg */ = {isa = PBXFileReference; lastKnownFileType = image.jpeg; path = "S-item-55-Y.jpg"; sourceTree = "<group>"; };
		23DF07C71DDAAE3E0038CC33 /* S-item-56-N.jpg */ = {isa = PBXFileReference; lastKnownFileType = image.jpeg; path = "S-item-56-N.jpg"; sourceTree = "<group>"; };
		23DF07C81DDAAE3E0038CC33 /* S-item-57-Y.jpg */ = {isa = PBXFileReference; lastKnownFileType = image.jpeg; path = "S-item-57-Y.jpg"; sourceTree = "<group>"; };
		23DF07C91DDAAE3E0038CC33 /* S-item-58-N.jpg */ = {isa = PBXFileReference; lastKnownFileType = image.jpeg; path = "S-item-58-N.jpg"; sourceTree = "<group>"; };
		23DF07CA1DDAAE3E0038CC33 /* S-item-59-Y.jpg */ = {isa = PBXFileReference; lastKnownFileType = image.jpeg; path = "S-item-59-Y.jpg"; sourceTree = "<group>"; };
		23DF07CB1DDAAE3E0038CC33 /* S-item-60-N.jpg */ = {isa = PBXFileReference; lastKnownFileType = image.jpeg; path = "S-item-60-N.jpg"; sourceTree = "<group>"; };
/* End PBXFileReference section */

/* Begin PBXFrameworksBuildPhase section */
		2309358C1DBC4148004C362E /* Frameworks */ = {
			isa = PBXFrameworksBuildPhase;
			buildActionMask = 2147483647;
			files = (
				23473F811DC29BE900D42EA0 /* libsqlite3.0.tbd in Frameworks */,
			);
			runOnlyForDeploymentPostprocessing = 0;
		};
		230935A81DBC4148004C362E /* Frameworks */ = {
			isa = PBXFrameworksBuildPhase;
			buildActionMask = 2147483647;
			files = (
			);
			runOnlyForDeploymentPostprocessing = 0;
		};
		230935B31DBC4148004C362E /* Frameworks */ = {
			isa = PBXFrameworksBuildPhase;
			buildActionMask = 2147483647;
			files = (
			);
			runOnlyForDeploymentPostprocessing = 0;
		};
/* End PBXFrameworksBuildPhase section */

/* Begin PBXGroup section */
		230935861DBC4148004C362E = {
			isa = PBXGroup;
			children = (
				23DF07901DDAAE3E0038CC33 /* S-item-1-Y.jpg */,
				23DF07911DDAAE3E0038CC33 /* S-item-2-N.jpg */,
				23DF07921DDAAE3E0038CC33 /* S-item-3-Y.jpg */,
				23DF07931DDAAE3E0038CC33 /* S-item-4-N.jpg */,
				23DF07941DDAAE3E0038CC33 /* S-item-5-Y.jpg */,
				23DF07951DDAAE3E0038CC33 /* S-item-6-N.jpg */,
				23DF07961DDAAE3E0038CC33 /* S-item-7-Y.jpg */,
				23DF07971DDAAE3E0038CC33 /* S-item-8-N.jpg */,
				23DF07981DDAAE3E0038CC33 /* S-item-9-Y.jpg */,
				23DF07991DDAAE3E0038CC33 /* S-item-10-N.jpg */,
				23DF079A1DDAAE3E0038CC33 /* S-item-11-Y.jpg */,
				23DF079B1DDAAE3E0038CC33 /* S-item-12-N.jpg */,
				23DF079C1DDAAE3E0038CC33 /* S-item-13-Y.jpg */,
				23DF079D1DDAAE3E0038CC33 /* S-item-14-N.jpg */,
				23DF079E1DDAAE3E0038CC33 /* S-item-15-Y.jpg */,
				23DF079F1DDAAE3E0038CC33 /* S-item-16-N.jpg */,
				23DF07A01DDAAE3E0038CC33 /* S-item-17-Y.jpg */,
				23DF07A11DDAAE3E0038CC33 /* S-item-18-N.jpg */,
				23DF07A21DDAAE3E0038CC33 /* S-item-19-Y.jpg */,
				23DF07A31DDAAE3E0038CC33 /* S-item-20-N.jpg */,
				23DF07A41DDAAE3E0038CC33 /* S-item-21-Y.jpg */,
				23DF07A51DDAAE3E0038CC33 /* S-item-22-N.jpg */,
				23DF07A61DDAAE3E0038CC33 /* S-item-23-Y.jpg */,
				23DF07A71DDAAE3E0038CC33 /* S-item-24-N.jpg */,
				23DF07A81DDAAE3E0038CC33 /* S-item-25-Y.jpg */,
				23DF07A91DDAAE3E0038CC33 /* S-item-26-N.jpg */,
				23DF07AA1DDAAE3E0038CC33 /* S-item-27-Y.jpg */,
				23DF07AB1DDAAE3E0038CC33 /* S-item-28-N.jpg */,
				23DF07AC1DDAAE3E0038CC33 /* S-item-29-Y.jpg */,
				23DF07AD1DDAAE3E0038CC33 /* S-item-30-N.jpg */,
				23DF07AE1DDAAE3E0038CC33 /* S-item-31-Y.jpg */,
				23DF07AF1DDAAE3E0038CC33 /* S-item-32-N.jpg */,
				23DF07B01DDAAE3E0038CC33 /* S-item-33-Y.jpg */,
				23DF07B11DDAAE3E0038CC33 /* S-item-34-N.jpg */,
				23DF07B21DDAAE3E0038CC33 /* S-item-35-Y.jpg */,
				23DF07B31DDAAE3E0038CC33 /* S-item-36-N.jpg */,
				23DF07B41DDAAE3E0038CC33 /* S-item-37-Y.jpg */,
				23DF07B51DDAAE3E0038CC33 /* S-item-38-N.jpg */,
				23DF07B61DDAAE3E0038CC33 /* S-item-39-Y.jpg */,
				23DF07B71DDAAE3E0038CC33 /* S-item-40-N.jpg */,
				23DF07B81DDAAE3E0038CC33 /* S-item-41-Y.jpg */,
				23DF07B91DDAAE3E0038CC33 /* S-item-42-N.jpg */,
				23DF07BA1DDAAE3E0038CC33 /* S-item-43-Y.jpg */,
				23DF07BB1DDAAE3E0038CC33 /* S-item-44-N.jpg */,
				23DF07BC1DDAAE3E0038CC33 /* S-item-45-Y.jpg */,
				23DF07BD1DDAAE3E0038CC33 /* S-item-46-N.jpg */,
				23DF07BE1DDAAE3E0038CC33 /* S-item-47-Y.jpg */,
				23DF07BF1DDAAE3E0038CC33 /* S-item-48-N.jpg */,
				23DF07C01DDAAE3E0038CC33 /* S-item-49-Y.jpg */,
				23DF07C11DDAAE3E0038CC33 /* S-item-50-N.jpg */,
				23DF07C21DDAAE3E0038CC33 /* S-item-51-Y.jpg */,
				23DF07C31DDAAE3E0038CC33 /* S-item-52-N.jpg */,
				23DF07C41DDAAE3E0038CC33 /* S-item-53-Y.jpg */,
				23DF07C51DDAAE3E0038CC33 /* S-item-54-N.jpg */,
				23DF07C61DDAAE3E0038CC33 /* S-item-55-Y.jpg */,
				23DF07C71DDAAE3E0038CC33 /* S-item-56-N.jpg */,
				23DF07C81DDAAE3E0038CC33 /* S-item-57-Y.jpg */,
				23DF07C91DDAAE3E0038CC33 /* S-item-58-N.jpg */,
				23DF07CA1DDAAE3E0038CC33 /* S-item-59-Y.jpg */,
				23DF07CB1DDAAE3E0038CC33 /* S-item-60-N.jpg */,
				23473F801DC29BE900D42EA0 /* libsqlite3.0.tbd */,
				230935911DBC4148004C362E /* SMaLL */,
				230935AE1DBC4148004C362E /* SMaLLTests */,
				230935B91DBC4148004C362E /* SMaLLUITests */,
				230935901DBC4148004C362E /* Products */,
			);
			sourceTree = "<group>";
		};
		230935901DBC4148004C362E /* Products */ = {
			isa = PBXGroup;
			children = (
				2309358F1DBC4148004C362E /* SMaLL.app */,
				230935AB1DBC4148004C362E /* SMaLLTests.xctest */,
				230935B61DBC4148004C362E /* SMaLLUITests.xctest */,
			);
			name = Products;
			sourceTree = "<group>";
		};
		230935911DBC4148004C362E /* SMaLL */ = {
			isa = PBXGroup;
			children = (
				230935951DBC4148004C362E /* AppDelegate.h */,
				230935961DBC4148004C362E /* AppDelegate.m */,
				23473F621DC27DB000D42EA0 /* TrialObject.h */,
				23473F631DC27DB000D42EA0 /* TrialObject.m */,
				23473F5F1DC24B9400D42EA0 /* StartViewController.h */,
				23473F601DC24B9400D42EA0 /* StartViewController.m */,
				23473F681DC296E600D42EA0 /* FirstInstructionViewController.h */,
				23473F691DC296E600D42EA0 /* FirstInstructionViewController.m */,
				239A25F11F1707E100016807 /* ChildInstructionViewController.h */,
				239A25F21F1707E100016807 /* ChildInstructionViewController.m */,
				239A25F41F170F7600016807 /* ChildPracticeInstructionViewController.h */,
				239A25F51F170F7600016807 /* ChildPracticeInstructionViewController.m */,
				23473F741DC2995700D42EA0 /* PracticeInstructionFirstViewController.h */,
				23473F751DC2995700D42EA0 /* PracticeInstructionFirstViewController.m */,
				23473F771DC2997200D42EA0 /* PracticeInstructionSecondViewController.h */,
				23473F781DC2997200D42EA0 /* PracticeInstructionSecondViewController.m */,
				23473F6B1DC296F900D42EA0 /* PracticeViewController.h */,
				23473F6C1DC296FA00D42EA0 /* PracticeViewController.m */,
				239A25F71F184D3B00016807 /* ChildTestFirstIntroViewController.h */,
				239A25F81F184D3B00016807 /* ChildTestFirstIntroViewController.m */,
				239A25FA1F18535F00016807 /* ChildTestSecondIntroViewController.h */,
				239A25FB1F18535F00016807 /* ChildTestSecondIntroViewController.m */,
				23473F7A1DC2998E00D42EA0 /* TestInstructionFirstViewController.h */,
				23473F7B1DC2998E00D42EA0 /* TestInstructionFirstViewController.m */,
				23473F7D1DC299A300D42EA0 /* TestInstructionSecondViewController.h */,
				23473F7E1DC299A300D42EA0 /* TestInstructionSecondViewController.m */,
				23473F711DC2974100D42EA0 /* TestViewController.h */,
				23473F721DC2974100D42EA0 /* TestViewController.m */,
				23AA4F091F13252E00CB0C63 /* Main.storyboard */,
				230935A11DBC4148004C362E /* Assets.xcassets */,
				230935A31DBC4148004C362E /* LaunchScreen.storyboard */,
				230935A61DBC4148004C362E /* Info.plist */,
				2309359E1DBC4148004C362E /* SMaLL.xcdatamodeld */,
				230935921DBC4148004C362E /* Supporting Files */,
			);
			path = SMaLL;
			sourceTree = "<group>";
		};
		230935921DBC4148004C362E /* Supporting Files */ = {
			isa = PBXGroup;
			children = (
				230935931DBC4148004C362E /* main.m */,
			);
			name = "Supporting Files";
			sourceTree = "<group>";
		};
		230935AE1DBC4148004C362E /* SMaLLTests */ = {
			isa = PBXGroup;
			children = (
				230935AF1DBC4148004C362E /* SMaLLTests.m */,
				230935B11DBC4148004C362E /* Info.plist */,
			);
			path = SMaLLTests;
			sourceTree = "<group>";
		};
		230935B91DBC4148004C362E /* SMaLLUITests */ = {
			isa = PBXGroup;
			children = (
				230935BA1DBC4148004C362E /* SMaLLUITests.m */,
				230935BC1DBC4148004C362E /* Info.plist */,
			);
			path = SMaLLUITests;
			sourceTree = "<group>";
		};
/* End PBXGroup section */

/* Begin PBXNativeTarget section */
		2309358E1DBC4148004C362E /* SMaLL */ = {
			isa = PBXNativeTarget;
			buildConfigurationList = 230935BF1DBC4148004C362E /* Build configuration list for PBXNativeTarget "SMaLL" */;
			buildPhases = (
				2309358B1DBC4148004C362E /* Sources */,
				2309358C1DBC4148004C362E /* Frameworks */,
				2309358D1DBC4148004C362E /* Resources */,
			);
			buildRules = (
			);
			dependencies = (
			);
			name = SMaLL;
			productName = SMaLL;
			productReference = 2309358F1DBC4148004C362E /* SMaLL.app */;
			productType = "com.apple.product-type.application";
		};
		230935AA1DBC4148004C362E /* SMaLLTests */ = {
			isa = PBXNativeTarget;
			buildConfigurationList = 230935C21DBC4148004C362E /* Build configuration list for PBXNativeTarget "SMaLLTests" */;
			buildPhases = (
				230935A71DBC4148004C362E /* Sources */,
				230935A81DBC4148004C362E /* Frameworks */,
				230935A91DBC4148004C362E /* Resources */,
			);
			buildRules = (
			);
			dependencies = (
				230935AD1DBC4148004C362E /* PBXTargetDependency */,
			);
			name = SMaLLTests;
			productName = SMaLLTests;
			productReference = 230935AB1DBC4148004C362E /* SMaLLTests.xctest */;
			productType = "com.apple.product-type.bundle.unit-test";
		};
		230935B51DBC4148004C362E /* SMaLLUITests */ = {
			isa = PBXNativeTarget;
			buildConfigurationList = 230935C51DBC4148004C362E /* Build configuration list for PBXNativeTarget "SMaLLUITests" */;
			buildPhases = (
				230935B21DBC4148004C362E /* Sources */,
				230935B31DBC4148004C362E /* Frameworks */,
				230935B41DBC4148004C362E /* Resources */,
			);
			buildRules = (
			);
			dependencies = (
				230935B81DBC4148004C362E /* PBXTargetDependency */,
			);
			name = SMaLLUITests;
			productName = SMaLLUITests;
			productReference = 230935B61DBC4148004C362E /* SMaLLUITests.xctest */;
			productType = "com.apple.product-type.bundle.ui-testing";
		};
/* End PBXNativeTarget section */

/* Begin PBXProject section */
		230935871DBC4148004C362E /* Project object */ = {
			isa = PBXProject;
			attributes = {
				LastUpgradeCheck = 0730;
				ORGANIZATIONNAME = "MathLab Carleton University";
				TargetAttributes = {
					2309358E1DBC4148004C362E = {
						CreatedOnToolsVersion = 7.3;
						DevelopmentTeam = AYF5X7UGMD;
					};
					230935AA1DBC4148004C362E = {
						CreatedOnToolsVersion = 7.3;
						TestTargetID = 2309358E1DBC4148004C362E;
					};
					230935B51DBC4148004C362E = {
						CreatedOnToolsVersion = 7.3;
						TestTargetID = 2309358E1DBC4148004C362E;
					};
				};
			};
			buildConfigurationList = 2309358A1DBC4148004C362E /* Build configuration list for PBXProject "SMaLL" */;
			compatibilityVersion = "Xcode 3.2";
			developmentRegion = English;
			hasScannedForEncodings = 0;
			knownRegions = (
				en,
				Base,
			);
			mainGroup = 230935861DBC4148004C362E;
			productRefGroup = 230935901DBC4148004C362E /* Products */;
			projectDirPath = "";
			projectRoot = "";
			targets = (
				2309358E1DBC4148004C362E /* SMaLL */,
				230935AA1DBC4148004C362E /* SMaLLTests */,
				230935B51DBC4148004C362E /* SMaLLUITests */,
			);
		};
/* End PBXProject section */

/* Begin PBXResourcesBuildPhase section */
		2309358D1DBC4148004C362E /* Resources */ = {
			isa = PBXResourcesBuildPhase;
			buildActionMask = 2147483647;
			files = (
				230935A51DBC4148004C362E /* LaunchScreen.storyboard in Resources */,
				23DF082C1DDAAE3E0038CC33 /* S-item-37-Y.jpg in Resources */,
				23DF083A1DDAAE3E0038CC33 /* S-item-51-Y.jpg in Resources */,
				23DF08431DDAAE3E0038CC33 /* S-item-60-N.jpg in Resources */,
				23DF08271DDAAE3E0038CC33 /* S-item-32-N.jpg in Resources */,
				23DF08401DDAAE3E0038CC33 /* S-item-57-Y.jpg in Resources */,
				23DF081B1DDAAE3E0038CC33 /* S-item-20-N.jpg in Resources */,
				23DF08131DDAAE3E0038CC33 /* S-item-12-N.jpg in Resources */,
				23DF082B1DDAAE3E0038CC33 /* S-item-36-N.jpg in Resources */,
				23DF08211DDAAE3E0038CC33 /* S-item-26-N.jpg in Resources */,
				23DF08111DDAAE3E0038CC33 /* S-item-10-N.jpg in Resources */,
				23DF08351DDAAE3E0038CC33 /* S-item-46-N.jpg in Resources */,
				23DF08411DDAAE3E0038CC33 /* S-item-58-N.jpg in Resources */,
				23DF08231DDAAE3E0038CC33 /* S-item-28-N.jpg in Resources */,
				23DF08121DDAAE3E0038CC33 /* S-item-11-Y.jpg in Resources */,
				23DF08081DDAAE3E0038CC33 /* S-item-1-Y.jpg in Resources */,
				23DF080B1DDAAE3E0038CC33 /* S-item-4-N.jpg in Resources */,
				23DF08101DDAAE3E0038CC33 /* S-item-9-Y.jpg in Resources */,
				23DF083E1DDAAE3E0038CC33 /* S-item-55-Y.jpg in Resources */,
				23DF080C1DDAAE3E0038CC33 /* S-item-5-Y.jpg in Resources */,
				23DF080E1DDAAE3E0038CC33 /* S-item-7-Y.jpg in Resources */,
				23DF08341DDAAE3E0038CC33 /* S-item-45-Y.jpg in Resources */,
				23DF081F1DDAAE3E0038CC33 /* S-item-24-N.jpg in Resources */,
				23DF08291DDAAE3E0038CC33 /* S-item-34-N.jpg in Resources */,
				23DF081E1DDAAE3E0038CC33 /* S-item-23-Y.jpg in Resources */,
				23DF081C1DDAAE3E0038CC33 /* S-item-21-Y.jpg in Resources */,
				23DF08371DDAAE3E0038CC33 /* S-item-48-N.jpg in Resources */,
				23DF08221DDAAE3E0038CC33 /* S-item-27-Y.jpg in Resources */,
				23DF08171DDAAE3E0038CC33 /* S-item-16-N.jpg in Resources */,
				23DF082E1DDAAE3E0038CC33 /* S-item-39-Y.jpg in Resources */,
				230935A21DBC4148004C362E /* Assets.xcassets in Resources */,
				23DF08141DDAAE3E0038CC33 /* S-item-13-Y.jpg in Resources */,
				23DF081D1DDAAE3E0038CC33 /* S-item-22-N.jpg in Resources */,
				23DF08091DDAAE3E0038CC33 /* S-item-2-N.jpg in Resources */,
				23DF083D1DDAAE3E0038CC33 /* S-item-54-N.jpg in Resources */,
				23DF08241DDAAE3E0038CC33 /* S-item-29-Y.jpg in Resources */,
				23DF081A1DDAAE3E0038CC33 /* S-item-19-Y.jpg in Resources */,
				23DF08251DDAAE3E0038CC33 /* S-item-30-N.jpg in Resources */,
				23DF08161DDAAE3E0038CC33 /* S-item-15-Y.jpg in Resources */,
				23DF08321DDAAE3E0038CC33 /* S-item-43-Y.jpg in Resources */,
				23DF08261DDAAE3E0038CC33 /* S-item-31-Y.jpg in Resources */,
				23DF08331DDAAE3E0038CC33 /* S-item-44-N.jpg in Resources */,
				23DF08181DDAAE3E0038CC33 /* S-item-17-Y.jpg in Resources */,
				23DF08281DDAAE3E0038CC33 /* S-item-33-Y.jpg in Resources */,
				23DF08391DDAAE3E0038CC33 /* S-item-50-N.jpg in Resources */,
				23DF080A1DDAAE3E0038CC33 /* S-item-3-Y.jpg in Resources */,
				23DF08311DDAAE3E0038CC33 /* S-item-42-N.jpg in Resources */,
				23DF080D1DDAAE3E0038CC33 /* S-item-6-N.jpg in Resources */,
				23DF083C1DDAAE3E0038CC33 /* S-item-53-Y.jpg in Resources */,
				23DF08421DDAAE3E0038CC33 /* S-item-59-Y.jpg in Resources */,
				23DF08151DDAAE3E0038CC33 /* S-item-14-N.jpg in Resources */,
				23DF08381DDAAE3E0038CC33 /* S-item-49-Y.jpg in Resources */,
				23DF082D1DDAAE3E0038CC33 /* S-item-38-N.jpg in Resources */,
				23AA4F0A1F13252E00CB0C63 /* Main.storyboard in Resources */,
				23DF083F1DDAAE3E0038CC33 /* S-item-56-N.jpg in Resources */,
				23DF08361DDAAE3E0038CC33 /* S-item-47-Y.jpg in Resources */,
				23DF080F1DDAAE3E0038CC33 /* S-item-8-N.jpg in Resources */,
				23DF08191DDAAE3E0038CC33 /* S-item-18-N.jpg in Resources */,
				23DF082A1DDAAE3E0038CC33 /* S-item-35-Y.jpg in Resources */,
				23DF083B1DDAAE3E0038CC33 /* S-item-52-N.jpg in Resources */,
				23DF08301DDAAE3E0038CC33 /* S-item-41-Y.jpg in Resources */,
				23DF082F1DDAAE3E0038CC33 /* S-item-40-N.jpg in Resources */,
				23DF08201DDAAE3E0038CC33 /* S-item-25-Y.jpg in Resources */,
			);
			runOnlyForDeploymentPostprocessing = 0;
		};
		230935A91DBC4148004C362E /* Resources */ = {
			isa = PBXResourcesBuildPhase;
			buildActionMask = 2147483647;
			files = (
				23AA4F0B1F13252E00CB0C63 /* Main.storyboard in Resources */,
			);
			runOnlyForDeploymentPostprocessing = 0;
		};
		230935B41DBC4148004C362E /* Resources */ = {
			isa = PBXResourcesBuildPhase;
			buildActionMask = 2147483647;
			files = (
				23AA4F0C1F13252E00CB0C63 /* Main.storyboard in Resources */,
			);
			runOnlyForDeploymentPostprocessing = 0;
		};
/* End PBXResourcesBuildPhase section */

/* Begin PBXSourcesBuildPhase section */
		2309358B1DBC4148004C362E /* Sources */ = {
			isa = PBXSourcesBuildPhase;
			buildActionMask = 2147483647;
			files = (
				239A25F31F1707E100016807 /* ChildInstructionViewController.m in Sources */,
				230935971DBC4148004C362E /* AppDelegate.m in Sources */,
				23473F7F1DC299A300D42EA0 /* TestInstructionSecondViewController.m in Sources */,
				23473F611DC24B9400D42EA0 /* StartViewController.m in Sources */,
				230935941DBC4148004C362E /* main.m in Sources */,
				230935A01DBC4148004C362E /* SMaLL.xcdatamodeld in Sources */,
				23473F7C1DC2998E00D42EA0 /* TestInstructionFirstViewController.m in Sources */,
				239A25FC1F18535F00016807 /* ChildTestSecondIntroViewController.m in Sources */,
				23473F761DC2995700D42EA0 /* PracticeInstructionFirstViewController.m in Sources */,
				23473F6D1DC296FA00D42EA0 /* PracticeViewController.m in Sources */,
				23473F731DC2974100D42EA0 /* TestViewController.m in Sources */,
				23473F6A1DC296E600D42EA0 /* FirstInstructionViewController.m in Sources */,
				23473F791DC2997200D42EA0 /* PracticeInstructionSecondViewController.m in Sources */,
				239A25F91F184D3B00016807 /* ChildTestFirstIntroViewController.m in Sources */,
				23473F641DC27DB000D42EA0 /* TrialObject.m in Sources */,
				239A25F61F170F7600016807 /* ChildPracticeInstructionViewController.m in Sources */,
			);
			runOnlyForDeploymentPostprocessing = 0;
		};
		230935A71DBC4148004C362E /* Sources */ = {
			isa = PBXSourcesBuildPhase;
			buildActionMask = 2147483647;
			files = (
				230935B01DBC4148004C362E /* SMaLLTests.m in Sources */,
			);
			runOnlyForDeploymentPostprocessing = 0;
		};
		230935B21DBC4148004C362E /* Sources */ = {
			isa = PBXSourcesBuildPhase;
			buildActionMask = 2147483647;
			files = (
				230935BB1DBC4148004C362E /* SMaLLUITests.m in Sources */,
			);
			runOnlyForDeploymentPostprocessing = 0;
		};
/* End PBXSourcesBuildPhase section */

/* Begin PBXTargetDependency section */
		230935AD1DBC4148004C362E /* PBXTargetDependency */ = {
			isa = PBXTargetDependency;
			target = 2309358E1DBC4148004C362E /* SMaLL */;
			targetProxy = 230935AC1DBC4148004C362E /* PBXContainerItemProxy */;
		};
		230935B81DBC4148004C362E /* PBXTargetDependency */ = {
			isa = PBXTargetDependency;
			target = 2309358E1DBC4148004C362E /* SMaLL */;
			targetProxy = 230935B71DBC4148004C362E /* PBXContainerItemProxy */;
		};
/* End PBXTargetDependency section */

/* Begin PBXVariantGroup section */
		230935A31DBC4148004C362E /* LaunchScreen.storyboard */ = {
			isa = PBXVariantGroup;
			children = (
				230935A41DBC4148004C362E /* Base */,
			);
			name = LaunchScreen.storyboard;
			sourceTree = "<group>";
		};
/* End PBXVariantGroup section */

/* Begin XCBuildConfiguration section */
		230935BD1DBC4148004C362E /* Debug */ = {
			isa = XCBuildConfiguration;
			buildSettings = {
				ALWAYS_SEARCH_USER_PATHS = NO;
				CLANG_ANALYZER_NONNULL = YES;
				CLANG_CXX_LANGUAGE_STANDARD = "gnu++0x";
				CLANG_CXX_LIBRARY = "libc++";
				CLANG_ENABLE_MODULES = YES;
				CLANG_ENABLE_OBJC_ARC = YES;
				CLANG_WARN_BOOL_CONVERSION = YES;
				CLANG_WARN_CONSTANT_CONVERSION = YES;
				CLANG_WARN_DIRECT_OBJC_ISA_USAGE = YES_ERROR;
				CLANG_WARN_EMPTY_BODY = YES;
				CLANG_WARN_ENUM_CONVERSION = YES;
				CLANG_WARN_INT_CONVERSION = YES;
				CLANG_WARN_OBJC_ROOT_CLASS = YES_ERROR;
				CLANG_WARN_UNREACHABLE_CODE = YES;
				CLANG_WARN__DUPLICATE_METHOD_MATCH = YES;
				"CODE_SIGN_IDENTITY[sdk=iphoneos*]" = "iPhone Developer";
				COPY_PHASE_STRIP = NO;
				DEBUG_INFORMATION_FORMAT = dwarf;
				ENABLE_STRICT_OBJC_MSGSEND = YES;
				ENABLE_TESTABILITY = YES;
				GCC_C_LANGUAGE_STANDARD = gnu99;
				GCC_DYNAMIC_NO_PIC = NO;
				GCC_NO_COMMON_BLOCKS = YES;
				GCC_OPTIMIZATION_LEVEL = 0;
				GCC_PREPROCESSOR_DEFINITIONS = (
					"DEBUG=1",
					"$(inherited)",
				);
				GCC_WARN_64_TO_32_BIT_CONVERSION = YES;
				GCC_WARN_ABOUT_RETURN_TYPE = YES_ERROR;
				GCC_WARN_UNDECLARED_SELECTOR = YES;
				GCC_WARN_UNINITIALIZED_AUTOS = YES_AGGRESSIVE;
				GCC_WARN_UNUSED_FUNCTION = YES;
				GCC_WARN_UNUSED_VARIABLE = YES;
				IPHONEOS_DEPLOYMENT_TARGET = 9.3;
				MTL_ENABLE_DEBUG_INFO = YES;
				ONLY_ACTIVE_ARCH = YES;
				SDKROOT = iphoneos;
				TARGETED_DEVICE_FAMILY = 2;
			};
			name = Debug;
		};
		230935BE1DBC4148004C362E /* Release */ = {
			isa = XCBuildConfiguration;
			buildSettings = {
				ALWAYS_SEARCH_USER_PATHS = NO;
				CLANG_ANALYZER_NONNULL = YES;
				CLANG_CXX_LANGUAGE_STANDARD = "gnu++0x";
				CLANG_CXX_LIBRARY = "libc++";
				CLANG_ENABLE_MODULES = YES;
				CLANG_ENABLE_OBJC_ARC = YES;
				CLANG_WARN_BOOL_CONVERSION = YES;
				CLANG_WARN_CONSTANT_CONVERSION = YES;
				CLANG_WARN_DIRECT_OBJC_ISA_USAGE = YES_ERROR;
				CLANG_WARN_EMPTY_BODY = YES;
				CLANG_WARN_ENUM_CONVERSION = YES;
				CLANG_WARN_INT_CONVERSION = YES;
				CLANG_WARN_OBJC_ROOT_CLASS = YES_ERROR;
				CLANG_WARN_UNREACHABLE_CODE = YES;
				CLANG_WARN__DUPLICATE_METHOD_MATCH = YES;
				"CODE_SIGN_IDENTITY[sdk=iphoneos*]" = "iPhone Developer";
				COPY_PHASE_STRIP = NO;
				DEBUG_INFORMATION_FORMAT = "dwarf-with-dsym";
				ENABLE_NS_ASSERTIONS = NO;
				ENABLE_STRICT_OBJC_MSGSEND = YES;
				GCC_C_LANGUAGE_STANDARD = gnu99;
				GCC_NO_COMMON_BLOCKS = YES;
				GCC_WARN_64_TO_32_BIT_CONVERSION = YES;
				GCC_WARN_ABOUT_RETURN_TYPE = YES_ERROR;
				GCC_WARN_UNDECLARED_SELECTOR = YES;
				GCC_WARN_UNINITIALIZED_AUTOS = YES_AGGRESSIVE;
				GCC_WARN_UNUSED_FUNCTION = YES;
				GCC_WARN_UNUSED_VARIABLE = YES;
				IPHONEOS_DEPLOYMENT_TARGET = 9.3;
				MTL_ENABLE_DEBUG_INFO = NO;
				SDKROOT = iphoneos;
				TARGETED_DEVICE_FAMILY = 2;
				VALIDATE_PRODUCT = YES;
			};
			name = Release;
		};
		230935C01DBC4148004C362E /* Debug */ = {
			isa = XCBuildConfiguration;
			buildSettings = {
				ASSETCATALOG_COMPILER_APPICON_NAME = AppIcon;
				CLANG_ENABLE_OBJC_ARC = YES;
				CODE_SIGN_IDENTITY = "iPhone Developer";
				INFOPLIST_FILE = SMaLL/Info.plist;
				IPHONEOS_DEPLOYMENT_TARGET = 8.0;
				LD_RUNPATH_SEARCH_PATHS = "$(inherited) @executable_path/Frameworks";
				PRODUCT_BUNDLE_IDENTIFIER = MathLab.SMaLL;
				PRODUCT_NAME = "$(TARGET_NAME)";
			};
			name = Debug;
		};
		230935C11DBC4148004C362E /* Release */ = {
			isa = XCBuildConfiguration;
			buildSettings = {
				ASSETCATALOG_COMPILER_APPICON_NAME = AppIcon;
				CLANG_ENABLE_OBJC_ARC = YES;
				CODE_SIGN_IDENTITY = "iPhone Developer";
				INFOPLIST_FILE = SMaLL/Info.plist;
				IPHONEOS_DEPLOYMENT_TARGET = 8.0;
				LD_RUNPATH_SEARCH_PATHS = "$(inherited) @executable_path/Frameworks";
				PRODUCT_BUNDLE_IDENTIFIER = MathLab.SMaLL;
				PRODUCT_NAME = "$(TARGET_NAME)";
			};
			name = Release;
		};
		230935C31DBC4148004C362E /* Debug */ = {
			isa = XCBuildConfiguration;
			buildSettings = {
				BUNDLE_LOADER = "$(TEST_HOST)";
				INFOPLIST_FILE = SMaLLTests/Info.plist;
				LD_RUNPATH_SEARCH_PATHS = "$(inherited) @executable_path/Frameworks @loader_path/Frameworks";
				PRODUCT_BUNDLE_IDENTIFIER = MathLab.SMaLLTests;
				PRODUCT_NAME = "$(TARGET_NAME)";
				TEST_HOST = "$(BUILT_PRODUCTS_DIR)/SMaLL.app/SMaLL";
			};
			name = Debug;
		};
		230935C41DBC4148004C362E /* Release */ = {
			isa = XCBuildConfiguration;
			buildSettings = {
				BUNDLE_LOADER = "$(TEST_HOST)";
				INFOPLIST_FILE = SMaLLTests/Info.plist;
				LD_RUNPATH_SEARCH_PATHS = "$(inherited) @executable_path/Frameworks @loader_path/Frameworks";
				PRODUCT_BUNDLE_IDENTIFIER = MathLab.SMaLLTests;
				PRODUCT_NAME = "$(TARGET_NAME)";
				TEST_HOST = "$(BUILT_PRODUCTS_DIR)/SMaLL.app/SMaLL";
			};
			name = Release;
		};
		230935C61DBC4148004C362E /* Debug */ = {
			isa = XCBuildConfiguration;
			buildSettings = {
				INFOPLIST_FILE = SMaLLUITests/Info.plist;
				LD_RUNPATH_SEARCH_PATHS = "$(inherited) @executable_path/Frameworks @loader_path/Frameworks";
				PRODUCT_BUNDLE_IDENTIFIER = MathLab.SMaLLUITests;
				PRODUCT_NAME = "$(TARGET_NAME)";
				TEST_TARGET_NAME = SMaLL;
			};
			name = Debug;
		};
		230935C71DBC4148004C362E /* Release */ = {
			isa = XCBuildConfiguration;
			buildSettings = {
				INFOPLIST_FILE = SMaLLUITests/Info.plist;
				LD_RUNPATH_SEARCH_PATHS = "$(inherited) @executable_path/Frameworks @loader_path/Frameworks";
				PRODUCT_BUNDLE_IDENTIFIER = MathLab.SMaLLUITests;
				PRODUCT_NAME = "$(TARGET_NAME)";
				TEST_TARGET_NAME = SMaLL;
			};
			name = Release;
		};
/* End XCBuildConfiguration section */

/* Begin XCConfigurationList section */
		2309358A1DBC4148004C362E /* Build configuration list for PBXProject "SMaLL" */ = {
			isa = XCConfigurationList;
			buildConfigurations = (
				230935BD1DBC4148004C362E /* Debug */,
				230935BE1DBC4148004C362E /* Release */,
			);
			defaultConfigurationIsVisible = 0;
			defaultConfigurationName = Release;
		};
		230935BF1DBC4148004C362E /* Build configuration list for PBXNativeTarget "SMaLL" */ = {
			isa = XCConfigurationList;
			buildConfigurations = (
				230935C01DBC4148004C362E /* Debug */,
				230935C11DBC4148004C362E /* Release */,
			);
			defaultConfigurationIsVisible = 0;
			defaultConfigurationName = Release;
		};
		230935C21DBC4148004C362E /* Build configuration list for PBXNativeTarget "SMaLLTests" */ = {
			isa = XCConfigurationList;
			buildConfigurations = (
				230935C31DBC4148004C362E /* Debug */,
				230935C41DBC4148004C362E /* Release */,
			);
			defaultConfigurationIsVisible = 0;
			defaultConfigurationName = Release;
		};
		230935C51DBC4148004C362E /* Build configuration list for PBXNativeTarget "SMaLLUITests" */ = {
			isa = XCConfigurationList;
			buildConfigurations = (
				230935C61DBC4148004C362E /* Debug */,
				230935C71DBC4148004C362E /* Release */,
			);
			defaultConfigurationIsVisible = 0;
			defaultConfigurationName = Release;
		};
/* End XCConfigurationList section */

/* Begin XCVersionGroup section */
		2309359E1DBC4148004C362E /* SMaLL.xcdatamodeld */ = {
			isa = XCVersionGroup;
			children = (
				2309359F1DBC4148004C362E /* SMaLL.xcdatamodel */,
			);
			currentVersion = 2309359F1DBC4148004C362E /* SMaLL.xcdatamodel */;
			path = SMaLL.xcdatamodeld;
			sourceTree = "<group>";
			versionGroupType = wrapper.xcdatamodel;
		};
/* End XCVersionGroup section */
	};
	rootObject = 230935871DBC4148004C362E /* Project object */;
}
